
Microsoft Visual Studio Solution File, Format Version 12.00
# Visual Studio Version 17
VisualStudioVersion = 17.9.34622.214
MinimumVisualStudioVersion = 10.0.40219.1
Project("{FAE04EC0-301F-11D3-BF4B-00C04F79EFBC}") = "BlazorApp3", "BlazorApp3\BlazorApp3.csproj", "{25189A20-D490-4FD5-B4C8-D1FD400BC29B}"
EndProject
Global
	GlobalSection(SolutionConfigurationPlatforms) = preSolution
		Debug|Any CPU = Debug|Any CPU
		Release|Any CPU = Release|Any CPU
	EndGlobalSection
	GlobalSection(ProjectConfigurationPlatforms) = postSolution
		{25189A20-D490-4FD5-B4C8-D1FD400BC29B}.Debug|Any CPU.ActiveCfg = Debug|Any CPU
		{25189A20-D490-4FD5-B4C8-D1FD400BC29B}.Debug|Any CPU.Build.0 = Debug|Any CPU
		{25189A20-D490-4FD5-B4C8-D1FD400BC29B}.Release|Any CPU.ActiveCfg = Release|Any CPU
		{25189A20-D490-4FD5-B4C8-D1FD400BC29B}.Release|Any CPU.Build.0 = Release|Any CPU
	EndGlobalSection
	GlobalSection(SolutionProperties) = preSolution
		HideSolutionNode = FALSE
	EndGlobalSection
	GlobalSection(ExtensibilityGlobals) = postSolution
		SolutionGuid = {A3DAA157-A6B7-47B3-B07C-82EFBBC35CB4}
	EndGlobalSection
EndGlobal
